
Microsoft Visual Studio Solution File, Format Version 12.00
# Visual Studio 15
VisualStudioVersion = 15.0.27130.2010
MinimumVisualStudioVersion = 10.0.40219.1
Project("{8BC9CEB8-8B4A-11D0-8D11-00A0C91BC942}") = "Vendor", "Vendor.vcxproj", "{E25E82BC-7EED-4068-B588-E6793F381AB9}"
EndProject
Project("{8BC9CEB8-8B4A-11D0-8D11-00A0C91BC942}") = "Common", "Common.vcxproj", "{0D29A93A-4712-433D-80BF-03DB8A484E06}"
	ProjectSection(ProjectDependencies) = postProject
		{E25E82BC-7EED-4068-B588-E6793F381AB9} = {E25E82BC-7EED-4068-B588-E6793F381AB9}
	EndProjectSection
EndProject
Project("{2150E333-8FDC-42A3-9474-1A3956D46DE8}") = "demos", "demos", "{945B3571-364E-44B4-806C-3DE67BAE534E}"
EndProject
Project("{8BC9CEB8-8B4A-11D0-8D11-00A0C91BC942}") = "StbTrueType", "StbTrueType.vcxproj", "{BED5B222-6018-4A41-902D-F8006BAEBE89}"
	ProjectSection(ProjectDependencies) = postProject
		{0D29A93A-4712-433D-80BF-03DB8A484E06} = {0D29A93A-4712-433D-80BF-03DB8A484E06}
	EndProjectSection
EndProject
Project("{8BC9CEB8-8B4A-11D0-8D11-00A0C91BC942}") = "Transform", "Transform.vcxproj", "{76069AD8-FC49-4027-8062-230AA5188EE4}"
	ProjectSection(ProjectDependencies) = postProject
		{0D29A93A-4712-433D-80BF-03DB8A484E06} = {0D29A93A-4712-433D-80BF-03DB8A484E06}
	EndProjectSection
EndProject
Global
	GlobalSection(SolutionConfigurationPlatforms) = preSolution
		Debug|x64 = Debug|x64
		Debug|x86 = Debug|x86
		Release|x64 = Release|x64
		Release|x86 = Release|x86
	EndGlobalSection
	GlobalSection(ProjectConfigurationPlatforms) = postSolution
		{E25E82BC-7EED-4068-B588-E6793F381AB9}.Debug|x64.ActiveCfg = Debug|x64
		{E25E82BC-7EED-4068-B588-E6793F381AB9}.Debug|x64.Build.0 = Debug|x64
		{E25E82BC-7EED-4068-B588-E6793F381AB9}.Debug|x86.ActiveCfg = Debug|Win32
		{E25E82BC-7EED-4068-B588-E6793F381AB9}.Debug|x86.Build.0 = Debug|Win32
		{E25E82BC-7EED-4068-B588-E6793F381AB9}.Release|x64.ActiveCfg = Release|x64
		{E25E82BC-7EED-4068-B588-E6793F381AB9}.Release|x64.Build.0 = Release|x64
		{E25E82BC-7EED-4068-B588-E6793F381AB9}.Release|x86.ActiveCfg = Release|Win32
		{E25E82BC-7EED-4068-B588-E6793F381AB9}.Release|x86.Build.0 = Release|Win32
		{0D29A93A-4712-433D-80BF-03DB8A484E06}.Debug|x64.ActiveCfg = Debug|x64
		{0D29A93A-4712-433D-80BF-03DB8A484E06}.Debug|x64.Build.0 = Debug|x64
		{0D29A93A-4712-433D-80BF-03DB8A484E06}.Debug|x86.ActiveCfg = Debug|Win32
		{0D29A93A-4712-433D-80BF-03DB8A484E06}.Debug|x86.Build.0 = Debug|Win32
		{0D29A93A-4712-433D-80BF-03DB8A484E06}.Release|x64.ActiveCfg = Release|x64
		{0D29A93A-4712-433D-80BF-03DB8A484E06}.Release|x64.Build.0 = Release|x64
		{0D29A93A-4712-433D-80BF-03DB8A484E06}.Release|x86.ActiveCfg = Release|Win32
		{0D29A93A-4712-433D-80BF-03DB8A484E06}.Release|x86.Build.0 = Release|Win32
		{BED5B222-6018-4A41-902D-F8006BAEBE89}.Debug|x64.ActiveCfg = Debug|x64
		{BED5B222-6018-4A41-902D-F8006BAEBE89}.Debug|x64.Build.0 = Debug|x64
		{BED5B222-6018-4A41-902D-F8006BAEBE89}.Debug|x86.ActiveCfg = Debug|Win32
		{BED5B222-6018-4A41-902D-F8006BAEBE89}.Debug|x86.Build.0 = Debug|Win32
		{BED5B222-6018-4A41-902D-F8006BAEBE89}.Release|x64.ActiveCfg = Release|x64
		{BED5B222-6018-4A41-902D-F8006BAEBE89}.Release|x64.Build.0 = Release|x64
		{BED5B222-6018-4A41-902D-F8006BAEBE89}.Release|x86.ActiveCfg = Release|Win32
		{BED5B222-6018-4A41-902D-F8006BAEBE89}.Release|x86.Build.0 = Release|Win32
		{76069AD8-FC49-4027-8062-230AA5188EE4}.Debug|x64.ActiveCfg = Debug|x64
		{76069AD8-FC49-4027-8062-230AA5188EE4}.Debug|x64.Build.0 = Debug|x64
		{76069AD8-FC49-4027-8062-230AA5188EE4}.Debug|x86.ActiveCfg = Debug|Win32
		{76069AD8-FC49-4027-8062-230AA5188EE4}.Debug|x86.Build.0 = Debug|Win32
		{76069AD8-FC49-4027-8062-230AA5188EE4}.Release|x64.ActiveCfg = Release|x64
		{76069AD8-FC49-4027-8062-230AA5188EE4}.Release|x64.Build.0 = Release|x64
		{76069AD8-FC49-4027-8062-230AA5188EE4}.Release|x86.ActiveCfg = Release|Win32
		{76069AD8-FC49-4027-8062-230AA5188EE4}.Release|x86.Build.0 = Release|Win32
	EndGlobalSection
	GlobalSection(SolutionProperties) = preSolution
		HideSolutionNode = FALSE
	EndGlobalSection
	GlobalSection(NestedProjects) = preSolution
		{BED5B222-6018-4A41-902D-F8006BAEBE89} = {945B3571-364E-44B4-806C-3DE67BAE534E}
		{76069AD8-FC49-4027-8062-230AA5188EE4} = {945B3571-364E-44B4-806C-3DE67BAE534E}
	EndGlobalSection
	GlobalSection(ExtensibilityGlobals) = postSolution
		SolutionGuid = {6FFE5B67-0956-447C-81D0-C7A1401142F5}
	EndGlobalSection
EndGlobal
